
Microsoft Visual Studio Solution File, Format Version 12.00
# Visual Studio 15
VisualStudioVersion = 15.0.28307.438
MinimumVisualStudioVersion = 10.0.40219.1
Project("{FAE04EC0-301F-11D3-BF4B-00C04F79EFBC}") = "SLOBSRC", "SLOBSRC\SLOBSRC.csproj", "{082AE0A1-D3BE-4D2E-ABF5-7AEB8C9E4057}"
EndProject
Global
	GlobalSection(SolutionConfigurationPlatforms) = preSolution
		Debug|Any CPU = Debug|Any CPU
		Release|Any CPU = Release|Any CPU
	EndGlobalSection
	GlobalSection(ProjectConfigurationPlatforms) = postSolution
		{082AE0A1-D3BE-4D2E-ABF5-7AEB8C9E4057}.Debug|Any CPU.ActiveCfg = Debug|Any CPU
		{082AE0A1-D3BE-4D2E-ABF5-7AEB8C9E4057}.Debug|Any CPU.Build.0 = Debug|Any CPU
		{082AE0A1-D3BE-4D2E-ABF5-7AEB8C9E4057}.Release|Any CPU.ActiveCfg = Release|Any CPU
		{082AE0A1-D3BE-4D2E-ABF5-7AEB8C9E4057}.Release|Any CPU.Build.0 = Release|Any CPU
	EndGlobalSection
	GlobalSection(SolutionProperties) = preSolution
		HideSolutionNode = FALSE
	EndGlobalSection
	GlobalSection(ExtensibilityGlobals) = postSolution
		SolutionGuid = {FA51766B-19EC-4C60-9A58-55F007CAFA98}
	EndGlobalSection
EndGlobal
